{
  "lib/aave-address-book": {
    "branch": {
      "name": "main",
      "rev": "12963110f29699d214531b9ab4c7cfcec460c298"
    }
  },
  "lib/aave-helpers": {
    "branch": {
      "name": "main",
      "rev": "ae8ae2308670cf74e84ca0e17264d0b05f8833b2"
    }
  },
  "lib/forge-std": {
    "rev": "bf647bd6046f2f7da30d0c2bf435e5c76a780c1b"
  }
}