{
  "lib/aave-address-book": {
    "branch": {
      "name": "main",
      "rev": "d3aa8e8680def76ebc049336eda8f52eacb3cfc2"
    }
  },
  "lib/aave-helpers": {
    "branch": {
      "name": "main",
      "rev": "a213adb9223ba0bc92ed8150cb2c26f77211a09a"
    }
  },
  "lib/forge-std": {
    "rev": "0c71116a218268ee8c0157be8efcb13af0f7beaf"
  }
}